// !$*UTF8*$!
{
	archiveVersion = 1;
	classes = {
	};
	objectVersion = 77;
	objects = {

/* Begin PBXBuildFile section */
		998572462ED3045200EC94B3 /* AppDelegate.swift in Sources */ = {isa = PBXBuildFile; fileRef = 998572452ED3045200EC94B3 /* AppDelegate.swift */; };
		998572482ED3045200EC94B3 /* SceneDelegate.swift in Sources */ = {isa = PBXBuildFile; fileRef = 998572472ED3045200EC94B3 /* SceneDelegate.swift */; };
		9985724B2ED3045200EC94B3 /* LaunchScreen.storyboard in Resources */ = {isa = PBXBuildFile; fileRef = 998572492ED3045200EC94B3 /* LaunchScreen.storyboard */; };
		9985724E2ED3045200EC94B3 /* Main.storyboard in Resources */ = {isa = PBXBuildFile; fileRef = 9985724C2ED3045200EC94B3 /* Main.storyboard */; };
		998572572ED3045200EC94B3 /* AppDelegate.swift in Sources */ = {isa = PBXBuildFile; fileRef = 998572562ED3045200EC94B3 /* AppDelegate.swift */; };
		9985725A2ED3045200EC94B3 /* Main.storyboard in Resources */ = {isa = PBXBuildFile; fileRef = 998572582ED3045200EC94B3 /* Main.storyboard */; };
		998572612ED3045200EC94B3 /* Linkly Extension.appex in Embed Foundation Extensions */ = {isa = PBXBuildFile; fileRef = 998572602ED3045200EC94B3 /* Linkly Extension.appex */; settings = {ATTRIBUTES = (RemoveHeadersOnCopy, ); }; };
		9985726B2ED3045200EC94B3 /* Linkly Extension.appex in Embed Foundation Extensions */ = {isa = PBXBuildFile; fileRef = 9985726A2ED3045200EC94B3 /* Linkly Extension.appex */; settings = {ATTRIBUTES = (RemoveHeadersOnCopy, ); }; };
		998572702ED3045200EC94B3 /* Main.html in Resources */ = {isa = PBXBuildFile; fileRef = 998572352ED3045100EC94B3 /* Main.html */; };
		998572712ED3045200EC94B3 /* Main.html in Resources */ = {isa = PBXBuildFile; fileRef = 998572352ED3045100EC94B3 /* Main.html */; };
		998572722ED3045200EC94B3 /* Icon.png in Resources */ = {isa = PBXBuildFile; fileRef = 998572372ED3045100EC94B3 /* Icon.png */; };
		998572732ED3045200EC94B3 /* Icon.png in Resources */ = {isa = PBXBuildFile; fileRef = 998572372ED3045100EC94B3 /* Icon.png */; };
		998572742ED3045200EC94B3 /* Style.css in Resources */ = {isa = PBXBuildFile; fileRef = 998572382ED3045100EC94B3 /* Style.css */; };
		998572752ED3045200EC94B3 /* Style.css in Resources */ = {isa = PBXBuildFile; fileRef = 998572382ED3045100EC94B3 /* Style.css */; };
		998572762ED3045200EC94B3 /* Script.js in Resources */ = {isa = PBXBuildFile; fileRef = 998572392ED3045100EC94B3 /* Script.js */; };
		998572772ED3045200EC94B3 /* Script.js in Resources */ = {isa = PBXBuildFile; fileRef = 998572392ED3045100EC94B3 /* Script.js */; };
		998572782ED3045200EC94B3 /* ViewController.swift in Sources */ = {isa = PBXBuildFile; fileRef = 9985723A2ED3045100EC94B3 /* ViewController.swift */; };
		998572792ED3045200EC94B3 /* ViewController.swift in Sources */ = {isa = PBXBuildFile; fileRef = 9985723A2ED3045100EC94B3 /* ViewController.swift */; };
		9985727A2ED3045200EC94B3 /* Assets.xcassets in Resources */ = {isa = PBXBuildFile; fileRef = 9985723B2ED3045200EC94B3 /* Assets.xcassets */; };
		9985727B2ED3045200EC94B3 /* Assets.xcassets in Resources */ = {isa = PBXBuildFile; fileRef = 9985723B2ED3045200EC94B3 /* Assets.xcassets */; };
		9985727C2ED3045200EC94B3 /* SafariWebExtensionHandler.swift in Sources */ = {isa = PBXBuildFile; fileRef = 9985723D2ED3045200EC94B3 /* SafariWebExtensionHandler.swift */; };
		9985727D2ED3045200EC94B3 /* SafariWebExtensionHandler.swift in Sources */ = {isa = PBXBuildFile; fileRef = 9985723D2ED3045200EC94B3 /* SafariWebExtensionHandler.swift */; };
		9985729A2ED3045300EC94B3 /* icon16.png in Resources */ = {isa = PBXBuildFile; fileRef = 9985728F2ED3045300EC94B3 /* icon16.png */; };
		9985729B2ED3045300EC94B3 /* waves-large.png in Resources */ = {isa = PBXBuildFile; fileRef = 998572902ED3045300EC94B3 /* waves-large.png */; };
		9985729C2ED3045300EC94B3 /* background.js in Resources */ = {isa = PBXBuildFile; fileRef = 998572912ED3045300EC94B3 /* background.js */; };
		9985729D2ED3045300EC94B3 /* icon48.png in Resources */ = {isa = PBXBuildFile; fileRef = 998572922ED3045300EC94B3 /* icon48.png */; };
		9985729E2ED3045300EC94B3 /* icon128.png in Resources */ = {isa = PBXBuildFile; fileRef = 998572932ED3045300EC94B3 /* icon128.png */; };
		9985729F2ED3045300EC94B3 /* README.md in Resources */ = {isa = PBXBuildFile; fileRef = 998572942ED3045300EC94B3 /* README.md */; };
		998572A02ED3045300EC94B3 /* manifest.json in Resources */ = {isa = PBXBuildFile; fileRef = 998572952ED3045300EC94B3 /* manifest.json */; };
		998572A22ED3045300EC94B3 /* package.zip in Resources */ = {isa = PBXBuildFile; fileRef = 998572972ED3045300EC94B3 /* package.zip */; };
		998572A32ED3045300EC94B3 /* waves-pink.png in Resources */ = {isa = PBXBuildFile; fileRef = 998572982ED3045300EC94B3 /* waves-pink.png */; };
		998572A42ED3045300EC94B3 /* CLAUDE.md in Resources */ = {isa = PBXBuildFile; fileRef = 998572992ED3045300EC94B3 /* CLAUDE.md */; };
		998572A52ED3045300EC94B3 /* icon16.png in Resources */ = {isa = PBXBuildFile; fileRef = 9985728F2ED3045300EC94B3 /* icon16.png */; };
		998572A62ED3045300EC94B3 /* waves-large.png in Resources */ = {isa = PBXBuildFile; fileRef = 998572902ED3045300EC94B3 /* waves-large.png */; };
		998572A72ED3045300EC94B3 /* background.js in Resources */ = {isa = PBXBuildFile; fileRef = 998572912ED3045300EC94B3 /* background.js */; };
		998572A82ED3045300EC94B3 /* icon48.png in Resources */ = {isa = PBXBuildFile; fileRef = 998572922ED3045300EC94B3 /* icon48.png */; };
		998572A92ED3045300EC94B3 /* icon128.png in Resources */ = {isa = PBXBuildFile; fileRef = 998572932ED3045300EC94B3 /* icon128.png */; };
		998572AA2ED3045300EC94B3 /* README.md in Resources */ = {isa = PBXBuildFile; fileRef = 998572942ED3045300EC94B3 /* README.md */; };
		998572AB2ED3045300EC94B3 /* manifest.json in Resources */ = {isa = PBXBuildFile; fileRef = 998572952ED3045300EC94B3 /* manifest.json */; };
		998572AD2ED3045300EC94B3 /* package.zip in Resources */ = {isa = PBXBuildFile; fileRef = 998572972ED3045300EC94B3 /* package.zip */; };
		998572AE2ED3045300EC94B3 /* waves-pink.png in Resources */ = {isa = PBXBuildFile; fileRef = 998572982ED3045300EC94B3 /* waves-pink.png */; };
		998572AF2ED3045300EC94B3 /* CLAUDE.md in Resources */ = {isa = PBXBuildFile; fileRef = 998572992ED3045300EC94B3 /* CLAUDE.md */; };
/* End PBXBuildFile section */

/* Begin PBXContainerItemProxy section */
		998572622ED3045200EC94B3 /* PBXContainerItemProxy */ = {
			isa = PBXContainerItemProxy;
			containerPortal = 9985722F2ED3045100EC94B3 /* Project object */;
			proxyType = 1;
			remoteGlobalIDString = 9985725F2ED3045200EC94B3;
			remoteInfo = "Linkly Extension (iOS)";
		};
		9985726C2ED3045200EC94B3 /* PBXContainerItemProxy */ = {
			isa = PBXContainerItemProxy;
			containerPortal = 9985722F2ED3045100EC94B3 /* Project object */;
			proxyType = 1;
			remoteGlobalIDString = 998572692ED3045200EC94B3;
			remoteInfo = "Linkly Extension (macOS)";
		};
/* End PBXContainerItemProxy section */

/* Begin PBXCopyFilesBuildPhase section */
		998572832ED3045200EC94B3 /* Embed Foundation Extensions */ = {
			isa = PBXCopyFilesBuildPhase;
			buildActionMask = 2147483647;
			dstPath = "";
			dstSubfolderSpec = 13;
			files = (
				998572612ED3045200EC94B3 /* Linkly Extension.appex in Embed Foundation Extensions */,
			);
			name = "Embed Foundation Extensions";
			runOnlyForDeploymentPostprocessing = 0;
		};
		9985728A2ED3045200EC94B3 /* Embed Foundation Extensions */ = {
			isa = PBXCopyFilesBuildPhase;
			buildActionMask = 2147483647;
			dstPath = "";
			dstSubfolderSpec = 13;
			files = (
				9985726B2ED3045200EC94B3 /* Linkly Extension.appex in Embed Foundation Extensions */,
			);
			name = "Embed Foundation Extensions";
			runOnlyForDeploymentPostprocessing = 0;
		};
/* End PBXCopyFilesBuildPhase section */

/* Begin PBXFileReference section */
		998572362ED3045100EC94B3 /* Base */ = {isa = PBXFileReference; lastKnownFileType = text.html; name = Base; path = Base.lproj/Main.html; sourceTree = "<group>"; };
		998572372ED3045100EC94B3 /* Icon.png */ = {isa = PBXFileReference; lastKnownFileType = image.png; path = Icon.png; sourceTree = "<group>"; };
		998572382ED3045100EC94B3 /* Style.css */ = {isa = PBXFileReference; lastKnownFileType = text.css; path = Style.css; sourceTree = "<group>"; };
		998572392ED3045100EC94B3 /* Script.js */ = {isa = PBXFileReference; lastKnownFileType = sourcecode.javascript; path = Script.js; sourceTree = "<group>"; };
		9985723A2ED3045100EC94B3 /* ViewController.swift */ = {isa = PBXFileReference; lastKnownFileType = sourcecode.swift; path = ViewController.swift; sourceTree = "<group>"; };
		9985723B2ED3045200EC94B3 /* Assets.xcassets */ = {isa = PBXFileReference; lastKnownFileType = folder.assetcatalog; path = Assets.xcassets; sourceTree = "<group>"; };
		9985723D2ED3045200EC94B3 /* SafariWebExtensionHandler.swift */ = {isa = PBXFileReference; lastKnownFileType = sourcecode.swift; path = SafariWebExtensionHandler.swift; sourceTree = "<group>"; };
		998572422ED3045200EC94B3 /* Linkly.app */ = {isa = PBXFileReference; explicitFileType = wrapper.application; includeInIndex = 0; path = Linkly.app; sourceTree = BUILT_PRODUCTS_DIR; };
		998572452ED3045200EC94B3 /* AppDelegate.swift */ = {isa = PBXFileReference; lastKnownFileType = sourcecode.swift; path = AppDelegate.swift; sourceTree = "<group>"; };
		998572472ED3045200EC94B3 /* SceneDelegate.swift */ = {isa = PBXFileReference; lastKnownFileType = sourcecode.swift; path = SceneDelegate.swift; sourceTree = "<group>"; };
		9985724A2ED3045200EC94B3 /* Base */ = {isa = PBXFileReference; lastKnownFileType = file.storyboard; name = Base; path = Base.lproj/LaunchScreen.storyboard; sourceTree = "<group>"; };
		9985724D2ED3045200EC94B3 /* Base */ = {isa = PBXFileReference; lastKnownFileType = file.storyboard; name = Base; path = Base.lproj/Main.storyboard; sourceTree = "<group>"; };
		9985724F2ED3045200EC94B3 /* Info.plist */ = {isa = PBXFileReference; lastKnownFileType = text.plist.xml; path = Info.plist; sourceTree = "<group>"; };
		998572542ED3045200EC94B3 /* Linkly.app */ = {isa = PBXFileReference; explicitFileType = wrapper.application; includeInIndex = 0; path = Linkly.app; sourceTree = BUILT_PRODUCTS_DIR; };
		998572562ED3045200EC94B3 /* AppDelegate.swift */ = {isa = PBXFileReference; lastKnownFileType = sourcecode.swift; path = AppDelegate.swift; sourceTree = "<group>"; };
		998572592ED3045200EC94B3 /* Base */ = {isa = PBXFileReference; lastKnownFileType = file.storyboard; name = Base; path = Base.lproj/Main.storyboard; sourceTree = "<group>"; };
		9985725B2ED3045200EC94B3 /* Info.plist */ = {isa = PBXFileReference; lastKnownFileType = text.plist.xml; path = Info.plist; sourceTree = "<group>"; };
		998572602ED3045200EC94B3 /* Linkly Extension.appex */ = {isa = PBXFileReference; explicitFileType = "wrapper.app-extension"; includeInIndex = 0; path = "Linkly Extension.appex"; sourceTree = BUILT_PRODUCTS_DIR; };
		998572652ED3045200EC94B3 /* Info.plist */ = {isa = PBXFileReference; lastKnownFileType = text.plist.xml; path = Info.plist; sourceTree = "<group>"; };
		9985726A2ED3045200EC94B3 /* Linkly Extension.appex */ = {isa = PBXFileReference; explicitFileType = "wrapper.app-extension"; includeInIndex = 0; path = "Linkly Extension.appex"; sourceTree = BUILT_PRODUCTS_DIR; };
		9985726F2ED3045200EC94B3 /* Info.plist */ = {isa = PBXFileReference; lastKnownFileType = text.plist.xml; path = Info.plist; sourceTree = "<group>"; };
		9985728F2ED3045300EC94B3 /* icon16.png */ = {isa = PBXFileReference; lastKnownFileType = image.png; name = icon16.png; path = ../../icon16.png; sourceTree = "<group>"; };
		998572902ED3045300EC94B3 /* waves-large.png */ = {isa = PBXFileReference; lastKnownFileType = image.png; name = "waves-large.png"; path = "../../waves-large.png"; sourceTree = "<group>"; };
		998572912ED3045300EC94B3 /* background.js */ = {isa = PBXFileReference; lastKnownFileType = sourcecode.javascript; name = background.js; path = ../../background.js; sourceTree = "<group>"; };
		998572922ED3045300EC94B3 /* icon48.png */ = {isa = PBXFileReference; lastKnownFileType = image.png; name = icon48.png; path = ../../icon48.png; sourceTree = "<group>"; };
		998572932ED3045300EC94B3 /* icon128.png */ = {isa = PBXFileReference; lastKnownFileType = image.png; name = icon128.png; path = ../../icon128.png; sourceTree = "<group>"; };
		998572942ED3045300EC94B3 /* README.md */ = {isa = PBXFileReference; lastKnownFileType = net.daringfireball.markdown; name = README.md; path = ../../README.md; sourceTree = "<group>"; };
		998572952ED3045300EC94B3 /* manifest.json */ = {isa = PBXFileReference; lastKnownFileType = text.json; name = manifest.json; path = ../../manifest.json; sourceTree = "<group>"; };
		998572972ED3045300EC94B3 /* package.zip */ = {isa = PBXFileReference; lastKnownFileType = archive.zip; name = package.zip; path = ../../package.zip; sourceTree = "<group>"; };
		998572982ED3045300EC94B3 /* waves-pink.png */ = {isa = PBXFileReference; lastKnownFileType = image.png; name = "waves-pink.png"; path = "../../waves-pink.png"; sourceTree = "<group>"; };
		998572992ED3045300EC94B3 /* CLAUDE.md */ = {isa = PBXFileReference; lastKnownFileType = net.daringfireball.markdown; name = CLAUDE.md; path = ../../CLAUDE.md; sourceTree = "<group>"; };
/* End PBXFileReference section */

/* Begin PBXFrameworksBuildPhase section */
		9985723F2ED3045200EC94B3 /* Frameworks */ = {
			isa = PBXFrameworksBuildPhase;
			buildActionMask = 2147483647;
			files = (
			);
			runOnlyForDeploymentPostprocessing = 0;
		};
		998572512ED3045200EC94B3 /* Frameworks */ = {
			isa = PBXFrameworksBuildPhase;
			buildActionMask = 2147483647;
			files = (
			);
			runOnlyForDeploymentPostprocessing = 0;
		};
		9985725D2ED3045200EC94B3 /* Frameworks */ = {
			isa = PBXFrameworksBuildPhase;
			buildActionMask = 2147483647;
			files = (
			);
			runOnlyForDeploymentPostprocessing = 0;
		};
		998572672ED3045200EC94B3 /* Frameworks */ = {
			isa = PBXFrameworksBuildPhase;
			buildActionMask = 2147483647;
			files = (
			);
			runOnlyForDeploymentPostprocessing = 0;
		};
/* End PBXFrameworksBuildPhase section */

/* Begin PBXGroup section */
		9985722E2ED3045100EC94B3 = {
			isa = PBXGroup;
			children = (
				998572332ED3045100EC94B3 /* Shared (App) */,
				9985723C2ED3045200EC94B3 /* Shared (Extension) */,
				998572442ED3045200EC94B3 /* iOS (App) */,
				998572552ED3045200EC94B3 /* macOS (App) */,
				998572642ED3045200EC94B3 /* iOS (Extension) */,
				9985726E2ED3045200EC94B3 /* macOS (Extension) */,
				998572432ED3045200EC94B3 /* Products */,
			);
			sourceTree = "<group>";
		};
		998572332ED3045100EC94B3 /* Shared (App) */ = {
			isa = PBXGroup;
			children = (
				9985723A2ED3045100EC94B3 /* ViewController.swift */,
				9985723B2ED3045200EC94B3 /* Assets.xcassets */,
				998572342ED3045100EC94B3 /* Resources */,
			);
			path = "Shared (App)";
			sourceTree = "<group>";
		};
		998572342ED3045100EC94B3 /* Resources */ = {
			isa = PBXGroup;
			children = (
				998572352ED3045100EC94B3 /* Main.html */,
				998572372ED3045100EC94B3 /* Icon.png */,
				998572382ED3045100EC94B3 /* Style.css */,
				998572392ED3045100EC94B3 /* Script.js */,
			);
			path = Resources;
			sourceTree = "<group>";
		};
		9985723C2ED3045200EC94B3 /* Shared (Extension) */ = {
			isa = PBXGroup;
			children = (
				9985728E2ED3045300EC94B3 /* Resources */,
				9985723D2ED3045200EC94B3 /* SafariWebExtensionHandler.swift */,
			);
			path = "Shared (Extension)";
			sourceTree = "<group>";
		};
		998572432ED3045200EC94B3 /* Products */ = {
			isa = PBXGroup;
			children = (
				998572422ED3045200EC94B3 /* Linkly.app */,
				998572542ED3045200EC94B3 /* Linkly.app */,
				998572602ED3045200EC94B3 /* Linkly Extension.appex */,
				9985726A2ED3045200EC94B3 /* Linkly Extension.appex */,
			);
			name = Products;
			sourceTree = "<group>";
		};
		998572442ED3045200EC94B3 /* iOS (App) */ = {
			isa = PBXGroup;
			children = (
				998572452ED3045200EC94B3 /* AppDelegate.swift */,
				998572472ED3045200EC94B3 /* SceneDelegate.swift */,
				998572492ED3045200EC94B3 /* LaunchScreen.storyboard */,
				9985724C2ED3045200EC94B3 /* Main.storyboard */,
				9985724F2ED3045200EC94B3 /* Info.plist */,
			);
			path = "iOS (App)";
			sourceTree = "<group>";
		};
		998572552ED3045200EC94B3 /* macOS (App) */ = {
			isa = PBXGroup;
			children = (
				998572562ED3045200EC94B3 /* AppDelegate.swift */,
				998572582ED3045200EC94B3 /* Main.storyboard */,
				9985725B2ED3045200EC94B3 /* Info.plist */,
			);
			path = "macOS (App)";
			sourceTree = "<group>";
		};
		998572642ED3045200EC94B3 /* iOS (Extension) */ = {
			isa = PBXGroup;
			children = (
				998572652ED3045200EC94B3 /* Info.plist */,
			);
			path = "iOS (Extension)";
			sourceTree = "<group>";
		};
		9985726E2ED3045200EC94B3 /* macOS (Extension) */ = {
			isa = PBXGroup;
			children = (
				9985726F2ED3045200EC94B3 /* Info.plist */,
			);
			path = "macOS (Extension)";
			sourceTree = "<group>";
		};
		9985728E2ED3045300EC94B3 /* Resources */ = {
			isa = PBXGroup;
			children = (
				9985728F2ED3045300EC94B3 /* icon16.png */,
				998572902ED3045300EC94B3 /* waves-large.png */,
				998572912ED3045300EC94B3 /* background.js */,
				998572922ED3045300EC94B3 /* icon48.png */,
				998572932ED3045300EC94B3 /* icon128.png */,
				998572942ED3045300EC94B3 /* README.md */,
				998572952ED3045300EC94B3 /* manifest.json */,
				998572972ED3045300EC94B3 /* package.zip */,
				998572982ED3045300EC94B3 /* waves-pink.png */,
				998572992ED3045300EC94B3 /* CLAUDE.md */,
			);
			name = Resources;
			path = "Shared (Extension)";
			sourceTree = SOURCE_ROOT;
		};
/* End PBXGroup section */

/* Begin PBXNativeTarget section */
		998572412ED3045200EC94B3 /* Linkly (iOS) */ = {
			isa = PBXNativeTarget;
			buildConfigurationList = 998572842ED3045200EC94B3 /* Build configuration list for PBXNativeTarget "Linkly (iOS)" */;
			buildPhases = (
				9985723E2ED3045200EC94B3 /* Sources */,
				9985723F2ED3045200EC94B3 /* Frameworks */,
				998572402ED3045200EC94B3 /* Resources */,
				998572832ED3045200EC94B3 /* Embed Foundation Extensions */,
			);
			buildRules = (
			);
			dependencies = (
				998572632ED3045200EC94B3 /* PBXTargetDependency */,
			);
			name = "Linkly (iOS)";
			packageProductDependencies = (
			);
			productName = "Linkly (iOS)";
			productReference = 998572422ED3045200EC94B3 /* Linkly.app */;
			productType = "com.apple.product-type.application";
		};
		998572532ED3045200EC94B3 /* Linkly (macOS) */ = {
			isa = PBXNativeTarget;
			buildConfigurationList = 9985728B2ED3045200EC94B3 /* Build configuration list for PBXNativeTarget "Linkly (macOS)" */;
			buildPhases = (
				998572502ED3045200EC94B3 /* Sources */,
				998572512ED3045200EC94B3 /* Frameworks */,
				998572522ED3045200EC94B3 /* Resources */,
				9985728A2ED3045200EC94B3 /* Embed Foundation Extensions */,
			);
			buildRules = (
			);
			dependencies = (
				9985726D2ED3045200EC94B3 /* PBXTargetDependency */,
			);
			name = "Linkly (macOS)";
			packageProductDependencies = (
			);
			productName = "Linkly (macOS)";
			productReference = 998572542ED3045200EC94B3 /* Linkly.app */;
			productType = "com.apple.product-type.application";
		};
		9985725F2ED3045200EC94B3 /* Linkly Extension (iOS) */ = {
			isa = PBXNativeTarget;
			buildConfigurationList = 998572802ED3045200EC94B3 /* Build configuration list for PBXNativeTarget "Linkly Extension (iOS)" */;
			buildPhases = (
				9985725C2ED3045200EC94B3 /* Sources */,
				9985725D2ED3045200EC94B3 /* Frameworks */,
				9985725E2ED3045200EC94B3 /* Resources */,
			);
			buildRules = (
			);
			dependencies = (
			);
			name = "Linkly Extension (iOS)";
			packageProductDependencies = (
			);
			productName = "Linkly Extension (iOS)";
			productReference = 998572602ED3045200EC94B3 /* Linkly Extension.appex */;
			productType = "com.apple.product-type.app-extension";
		};
		998572692ED3045200EC94B3 /* Linkly Extension (macOS) */ = {
			isa = PBXNativeTarget;
			buildConfigurationList = 998572872ED3045200EC94B3 /* Build configuration list for PBXNativeTarget "Linkly Extension (macOS)" */;
			buildPhases = (
				998572662ED3045200EC94B3 /* Sources */,
				998572672ED3045200EC94B3 /* Frameworks */,
				998572682ED3045200EC94B3 /* Resources */,
			);
			buildRules = (
			);
			dependencies = (
			);
			name = "Linkly Extension (macOS)";
			packageProductDependencies = (
			);
			productName = "Linkly Extension (macOS)";
			productReference = 9985726A2ED3045200EC94B3 /* Linkly Extension.appex */;
			productType = "com.apple.product-type.app-extension";
		};
/* End PBXNativeTarget section */

/* Begin PBXProject section */
		9985722F2ED3045100EC94B3 /* Project object */ = {
			isa = PBXProject;
			attributes = {
				BuildIndependentTargetsInParallel = 1;
				LastSwiftUpdateCheck = 2610;
				LastUpgradeCheck = 2610;
				TargetAttributes = {
					998572412ED3045200EC94B3 = {
						CreatedOnToolsVersion = 26.1.1;
					};
					998572532ED3045200EC94B3 = {
						CreatedOnToolsVersion = 26.1.1;
					};
					9985725F2ED3045200EC94B3 = {
						CreatedOnToolsVersion = 26.1.1;
					};
					998572692ED3045200EC94B3 = {
						CreatedOnToolsVersion = 26.1.1;
					};
				};
			};
			buildConfigurationList = 998572322ED3045100EC94B3 /* Build configuration list for PBXProject "Linkly" */;
			developmentRegion = en;
			hasScannedForEncodings = 0;
			knownRegions = (
				en,
				Base,
			);
			mainGroup = 9985722E2ED3045100EC94B3;
			minimizedProjectReferenceProxies = 1;
			preferredProjectObjectVersion = 77;
			productRefGroup = 998572432ED3045200EC94B3 /* Products */;
			projectDirPath = "";
			projectRoot = "";
			targets = (
				998572412ED3045200EC94B3 /* Linkly (iOS) */,
				998572532ED3045200EC94B3 /* Linkly (macOS) */,
				9985725F2ED3045200EC94B3 /* Linkly Extension (iOS) */,
				998572692ED3045200EC94B3 /* Linkly Extension (macOS) */,
			);
		};
/* End PBXProject section */

/* Begin PBXResourcesBuildPhase section */
		998572402ED3045200EC94B3 /* Resources */ = {
			isa = PBXResourcesBuildPhase;
			buildActionMask = 2147483647;
			files = (
				998572722ED3045200EC94B3 /* Icon.png in Resources */,
				9985724B2ED3045200EC94B3 /* LaunchScreen.storyboard in Resources */,
				998572702ED3045200EC94B3 /* Main.html in Resources */,
				998572762ED3045200EC94B3 /* Script.js in Resources */,
				9985727A2ED3045200EC94B3 /* Assets.xcassets in Resources */,
				9985724E2ED3045200EC94B3 /* Main.storyboard in Resources */,
				998572742ED3045200EC94B3 /* Style.css in Resources */,
			);
			runOnlyForDeploymentPostprocessing = 0;
		};
		998572522ED3045200EC94B3 /* Resources */ = {
			isa = PBXResourcesBuildPhase;
			buildActionMask = 2147483647;
			files = (
				998572732ED3045200EC94B3 /* Icon.png in Resources */,
				998572752ED3045200EC94B3 /* Style.css in Resources */,
				9985725A2ED3045200EC94B3 /* Main.storyboard in Resources */,
				998572772ED3045200EC94B3 /* Script.js in Resources */,
				9985727B2ED3045200EC94B3 /* Assets.xcassets in Resources */,
				998572712ED3045200EC94B3 /* Main.html in Resources */,
			);
			runOnlyForDeploymentPostprocessing = 0;
		};
		9985725E2ED3045200EC94B3 /* Resources */ = {
			isa = PBXResourcesBuildPhase;
			buildActionMask = 2147483647;
			files = (
				998572AE2ED3045300EC94B3 /* waves-pink.png in Resources */,
				998572AA2ED3045300EC94B3 /* README.md in Resources */,
				998572AB2ED3045300EC94B3 /* manifest.json in Resources */,
				998572AF2ED3045300EC94B3 /* CLAUDE.md in Resources */,
				998572A62ED3045300EC94B3 /* waves-large.png in Resources */,
				998572A72ED3045300EC94B3 /* background.js in Resources */,
				998572AD2ED3045300EC94B3 /* package.zip in Resources */,
				998572A82ED3045300EC94B3 /* icon48.png in Resources */,
				998572A92ED3045300EC94B3 /* icon128.png in Resources */,
				998572A52ED3045300EC94B3 /* icon16.png in Resources */,
			);
			runOnlyForDeploymentPostprocessing = 0;
		};
		998572682ED3045200EC94B3 /* Resources */ = {
			isa = PBXResourcesBuildPhase;
			buildActionMask = 2147483647;
			files = (
				998572A32ED3045300EC94B3 /* waves-pink.png in Resources */,
				9985729F2ED3045300EC94B3 /* README.md in Resources */,
				998572A02ED3045300EC94B3 /* manifest.json in Resources */,
				998572A42ED3045300EC94B3 /* CLAUDE.md in Resources */,
				9985729B2ED3045300EC94B3 /* waves-large.png in Resources */,
				9985729C2ED3045300EC94B3 /* background.js in Resources */,
				998572A22ED3045300EC94B3 /* package.zip in Resources */,
				9985729D2ED3045300EC94B3 /* icon48.png in Resources */,
				9985729E2ED3045300EC94B3 /* icon128.png in Resources */,
				9985729A2ED3045300EC94B3 /* icon16.png in Resources */,
			);
			runOnlyForDeploymentPostprocessing = 0;
		};
/* End PBXResourcesBuildPhase section */

/* Begin PBXSourcesBuildPhase section */
		9985723E2ED3045200EC94B3 /* Sources */ = {
			isa = PBXSourcesBuildPhase;
			buildActionMask = 2147483647;
			files = (
				998572782ED3045200EC94B3 /* ViewController.swift in Sources */,
				998572462ED3045200EC94B3 /* AppDelegate.swift in Sources */,
				998572482ED3045200EC94B3 /* SceneDelegate.swift in Sources */,
			);
			runOnlyForDeploymentPostprocessing = 0;
		};
		998572502ED3045200EC94B3 /* Sources */ = {
			isa = PBXSourcesBuildPhase;
			buildActionMask = 2147483647;
			files = (
				998572792ED3045200EC94B3 /* ViewController.swift in Sources */,
				998572572ED3045200EC94B3 /* AppDelegate.swift in Sources */,
			);
			runOnlyForDeploymentPostprocessing = 0;
		};
		9985725C2ED3045200EC94B3 /* Sources */ = {
			isa = PBXSourcesBuildPhase;
			buildActionMask = 2147483647;
			files = (
				9985727C2ED3045200EC94B3 /* SafariWebExtensionHandler.swift in Sources */,
			);
			runOnlyForDeploymentPostprocessing = 0;
		};
		998572662ED3045200EC94B3 /* Sources */ = {
			isa = PBXSourcesBuildPhase;
			buildActionMask = 2147483647;
			files = (
				9985727D2ED3045200EC94B3 /* SafariWebExtensionHandler.swift in Sources */,
			);
			runOnlyForDeploymentPostprocessing = 0;
		};
/* End PBXSourcesBuildPhase section */

/* Begin PBXTargetDependency section */
		998572632ED3045200EC94B3 /* PBXTargetDependency */ = {
			isa = PBXTargetDependency;
			target = 9985725F2ED3045200EC94B3 /* Linkly Extension (iOS) */;
			targetProxy = 998572622ED3045200EC94B3 /* PBXContainerItemProxy */;
		};
		9985726D2ED3045200EC94B3 /* PBXTargetDependency */ = {
			isa = PBXTargetDependency;
			target = 998572692ED3045200EC94B3 /* Linkly Extension (macOS) */;
			targetProxy = 9985726C2ED3045200EC94B3 /* PBXContainerItemProxy */;
		};
/* End PBXTargetDependency section */

/* Begin PBXVariantGroup section */
		998572352ED3045100EC94B3 /* Main.html */ = {
			isa = PBXVariantGroup;
			children = (
				998572362ED3045100EC94B3 /* Base */,
			);
			name = Main.html;
			sourceTree = "<group>";
		};
		998572492ED3045200EC94B3 /* LaunchScreen.storyboard */ = {
			isa = PBXVariantGroup;
			children = (
				9985724A2ED3045200EC94B3 /* Base */,
			);
			name = LaunchScreen.storyboard;
			sourceTree = "<group>";
		};
		9985724C2ED3045200EC94B3 /* Main.storyboard */ = {
			isa = PBXVariantGroup;
			children = (
				9985724D2ED3045200EC94B3 /* Base */,
			);
			name = Main.storyboard;
			sourceTree = "<group>";
		};
		998572582ED3045200EC94B3 /* Main.storyboard */ = {
			isa = PBXVariantGroup;
			children = (
				998572592ED3045200EC94B3 /* Base */,
			);
			name = Main.storyboard;
			sourceTree = "<group>";
		};
/* End PBXVariantGroup section */

/* Begin XCBuildConfiguration section */
		9985727E2ED3045200EC94B3 /* Debug */ = {
			isa = XCBuildConfiguration;
			buildSettings = {
				ALWAYS_SEARCH_USER_PATHS = NO;
				ASSETCATALOG_COMPILER_GENERATE_SWIFT_ASSET_SYMBOL_EXTENSIONS = YES;
				CLANG_ANALYZER_NONNULL = YES;
				CLANG_ANALYZER_NUMBER_OBJECT_CONVERSION = YES_AGGRESSIVE;
				CLANG_CXX_LANGUAGE_STANDARD = "gnu++20";
				CLANG_ENABLE_MODULES = YES;
				CLANG_ENABLE_OBJC_ARC = YES;
				CLANG_ENABLE_OBJC_WEAK = YES;
				CLANG_WARN_BLOCK_CAPTURE_AUTORELEASING = YES;
				CLANG_WARN_BOOL_CONVERSION = YES;
				CLANG_WARN_COMMA = YES;
				CLANG_WARN_CONSTANT_CONVERSION = YES;
				CLANG_WARN_DEPRECATED_OBJC_IMPLEMENTATIONS = YES;
				CLANG_WARN_DIRECT_OBJC_ISA_USAGE = YES_ERROR;
				CLANG_WARN_DOCUMENTATION_COMMENTS = YES;
				CLANG_WARN_EMPTY_BODY = YES;
				CLANG_WARN_ENUM_CONVERSION = YES;
				CLANG_WARN_INFINITE_RECURSION = YES;
				CLANG_WARN_INT_CONVERSION = YES;
				CLANG_WARN_NON_LITERAL_NULL_CONVERSION = YES;
				CLANG_WARN_OBJC_IMPLICIT_RETAIN_SELF = YES;
				CLANG_WARN_OBJC_LITERAL_CONVERSION = YES;
				CLANG_WARN_OBJC_ROOT_CLASS = YES_ERROR;
				CLANG_WARN_QUOTED_INCLUDE_IN_FRAMEWORK_HEADER = YES;
				CLANG_WARN_RANGE_LOOP_ANALYSIS = YES;
				CLANG_WARN_STRICT_PROTOTYPES = YES;
				CLANG_WARN_SUSPICIOUS_MOVE = YES;
				CLANG_WARN_UNGUARDED_AVAILABILITY = YES_AGGRESSIVE;
				CLANG_WARN_UNREACHABLE_CODE = YES;
				CLANG_WARN__DUPLICATE_METHOD_MATCH = YES;
				COPY_PHASE_STRIP = NO;
				DEBUG_INFORMATION_FORMAT = dwarf;
				ENABLE_STRICT_OBJC_MSGSEND = YES;
				ENABLE_TESTABILITY = YES;
				ENABLE_USER_SCRIPT_SANDBOXING = YES;
				GCC_C_LANGUAGE_STANDARD = gnu17;
				GCC_DYNAMIC_NO_PIC = NO;
				GCC_NO_COMMON_BLOCKS = YES;
				GCC_OPTIMIZATION_LEVEL = 0;
				GCC_PREPROCESSOR_DEFINITIONS = (
					"DEBUG=1",
					"$(inherited)",
				);
				GCC_WARN_64_TO_32_BIT_CONVERSION = YES;
				GCC_WARN_ABOUT_RETURN_TYPE = YES_ERROR;
				GCC_WARN_UNDECLARED_SELECTOR = YES;
				GCC_WARN_UNINITIALIZED_AUTOS = YES_AGGRESSIVE;
				GCC_WARN_UNUSED_FUNCTION = YES;
				GCC_WARN_UNUSED_VARIABLE = YES;
				LOCALIZATION_PREFERS_STRING_CATALOGS = YES;
				MTL_ENABLE_DEBUG_INFO = INCLUDE_SOURCE;
				MTL_FAST_MATH = YES;
				ONLY_ACTIVE_ARCH = YES;
				SWIFT_ACTIVE_COMPILATION_CONDITIONS = "DEBUG $(inherited)";
				SWIFT_OPTIMIZATION_LEVEL = "-Onone";
			};
			name = Debug;
		};
		9985727F2ED3045200EC94B3 /* Release */ = {
			isa = XCBuildConfiguration;
			buildSettings = {
				ALWAYS_SEARCH_USER_PATHS = NO;
				ASSETCATALOG_COMPILER_GENERATE_SWIFT_ASSET_SYMBOL_EXTENSIONS = YES;
				CLANG_ANALYZER_NONNULL = YES;
				CLANG_ANALYZER_NUMBER_OBJECT_CONVERSION = YES_AGGRESSIVE;
				CLANG_CXX_LANGUAGE_STANDARD = "gnu++20";
				CLANG_ENABLE_MODULES = YES;
				CLANG_ENABLE_OBJC_ARC = YES;
				CLANG_ENABLE_OBJC_WEAK = YES;
				CLANG_WARN_BLOCK_CAPTURE_AUTORELEASING = YES;
				CLANG_WARN_BOOL_CONVERSION = YES;
				CLANG_WARN_COMMA = YES;
				CLANG_WARN_CONSTANT_CONVERSION = YES;
				CLANG_WARN_DEPRECATED_OBJC_IMPLEMENTATIONS = YES;
				CLANG_WARN_DIRECT_OBJC_ISA_USAGE = YES_ERROR;
				CLANG_WARN_DOCUMENTATION_COMMENTS = YES;
				CLANG_WARN_EMPTY_BODY = YES;
				CLANG_WARN_ENUM_CONVERSION = YES;
				CLANG_WARN_INFINITE_RECURSION = YES;
				CLANG_WARN_INT_CONVERSION = YES;
				CLANG_WARN_NON_LITERAL_NULL_CONVERSION = YES;
				CLANG_WARN_OBJC_IMPLICIT_RETAIN_SELF = YES;
				CLANG_WARN_OBJC_LITERAL_CONVERSION = YES;
				CLANG_WARN_OBJC_ROOT_CLASS = YES_ERROR;
				CLANG_WARN_QUOTED_INCLUDE_IN_FRAMEWORK_HEADER = YES;
				CLANG_WARN_RANGE_LOOP_ANALYSIS = YES;
				CLANG_WARN_STRICT_PROTOTYPES = YES;
				CLANG_WARN_SUSPICIOUS_MOVE = YES;
				CLANG_WARN_UNGUARDED_AVAILABILITY = YES_AGGRESSIVE;
				CLANG_WARN_UNREACHABLE_CODE = YES;
				CLANG_WARN__DUPLICATE_METHOD_MATCH = YES;
				COPY_PHASE_STRIP = NO;
				DEBUG_INFORMATION_FORMAT = "dwarf-with-dsym";
				ENABLE_NS_ASSERTIONS = NO;
				ENABLE_STRICT_OBJC_MSGSEND = YES;
				ENABLE_USER_SCRIPT_SANDBOXING = YES;
				GCC_C_LANGUAGE_STANDARD = gnu17;
				GCC_NO_COMMON_BLOCKS = YES;
				GCC_WARN_64_TO_32_BIT_CONVERSION = YES;
				GCC_WARN_ABOUT_RETURN_TYPE = YES_ERROR;
				GCC_WARN_UNDECLARED_SELECTOR = YES;
				GCC_WARN_UNINITIALIZED_AUTOS = YES_AGGRESSIVE;
				GCC_WARN_UNUSED_FUNCTION = YES;
				GCC_WARN_UNUSED_VARIABLE = YES;
				LOCALIZATION_PREFERS_STRING_CATALOGS = YES;
				MTL_ENABLE_DEBUG_INFO = NO;
				MTL_FAST_MATH = YES;
				SWIFT_COMPILATION_MODE = wholemodule;
			};
			name = Release;
		};
		998572812ED3045200EC94B3 /* Debug */ = {
			isa = XCBuildConfiguration;
			buildSettings = {
				CODE_SIGN_STYLE = Automatic;
				CURRENT_PROJECT_VERSION = 1;
				GENERATE_INFOPLIST_FILE = YES;
				INFOPLIST_FILE = "iOS (Extension)/Info.plist";
				INFOPLIST_KEY_CFBundleDisplayName = "Linkly Extension";
				INFOPLIST_KEY_NSHumanReadableCopyright = "";
				IPHONEOS_DEPLOYMENT_TARGET = 15.0;
				LD_RUNPATH_SEARCH_PATHS = (
					"$(inherited)",
					"@executable_path/Frameworks",
					"@executable_path/../../Frameworks",
				);
				MARKETING_VERSION = 1.0;
				OTHER_LDFLAGS = (
					"-framework",
					SafariServices,
				);
				PRODUCT_BUNDLE_IDENTIFIER = com.linklyhq.safari.extension;
				PRODUCT_NAME = "Linkly Extension";
				SDKROOT = iphoneos;
				SKIP_INSTALL = YES;
				STRING_CATALOG_GENERATE_SYMBOLS = YES;
				SWIFT_APPROACHABLE_CONCURRENCY = YES;
				SWIFT_EMIT_LOC_STRINGS = YES;
				SWIFT_UPCOMING_FEATURE_MEMBER_IMPORT_VISIBILITY = YES;
				SWIFT_VERSION = 5.0;
				TARGETED_DEVICE_FAMILY = "1,2";
			};
			name = Debug;
		};
		998572822ED3045200EC94B3 /* Release */ = {
			isa = XCBuildConfiguration;
			buildSettings = {
				CODE_SIGN_STYLE = Automatic;
				CURRENT_PROJECT_VERSION = 1;
				GENERATE_INFOPLIST_FILE = YES;
				INFOPLIST_FILE = "iOS (Extension)/Info.plist";
				INFOPLIST_KEY_CFBundleDisplayName = "Linkly Extension";
				INFOPLIST_KEY_NSHumanReadableCopyright = "";
				IPHONEOS_DEPLOYMENT_TARGET = 15.0;
				LD_RUNPATH_SEARCH_PATHS = (
					"$(inherited)",
					"@executable_path/Frameworks",
					"@executable_path/../../Frameworks",
				);
				MARKETING_VERSION = 1.0;
				OTHER_LDFLAGS = (
					"-framework",
					SafariServices,
				);
				PRODUCT_BUNDLE_IDENTIFIER = com.linklyhq.safari.extension;
				PRODUCT_NAME = "Linkly Extension";
				SDKROOT = iphoneos;
				SKIP_INSTALL = YES;
				STRING_CATALOG_GENERATE_SYMBOLS = YES;
				SWIFT_APPROACHABLE_CONCURRENCY = YES;
				SWIFT_EMIT_LOC_STRINGS = YES;
				SWIFT_UPCOMING_FEATURE_MEMBER_IMPORT_VISIBILITY = YES;
				SWIFT_VERSION = 5.0;
				TARGETED_DEVICE_FAMILY = "1,2";
				VALIDATE_PRODUCT = YES;
			};
			name = Release;
		};
		998572852ED3045200EC94B3 /* Debug */ = {
			isa = XCBuildConfiguration;
			buildSettings = {
				ASSETCATALOG_COMPILER_APPICON_NAME = AppIcon;
				ASSETCATALOG_COMPILER_GLOBAL_ACCENT_COLOR_NAME = AccentColor;
				CODE_SIGN_STYLE = Automatic;
				CURRENT_PROJECT_VERSION = 1;
				GENERATE_INFOPLIST_FILE = YES;
				INFOPLIST_FILE = "iOS (App)/Info.plist";
				INFOPLIST_KEY_CFBundleDisplayName = Linkly;
				INFOPLIST_KEY_UIApplicationSupportsIndirectInputEvents = YES;
				INFOPLIST_KEY_UILaunchStoryboardName = LaunchScreen;
				INFOPLIST_KEY_UIMainStoryboardFile = Main;
				INFOPLIST_KEY_UISupportedInterfaceOrientations = "UIInterfaceOrientationPortrait UIInterfaceOrientationLandscapeLeft UIInterfaceOrientationLandscapeRight";
				INFOPLIST_KEY_UISupportedInterfaceOrientations_iPad = "UIInterfaceOrientationPortrait UIInterfaceOrientationPortraitUpsideDown UIInterfaceOrientationLandscapeLeft UIInterfaceOrientationLandscapeRight";
				IPHONEOS_DEPLOYMENT_TARGET = 15.0;
				LD_RUNPATH_SEARCH_PATHS = (
					"$(inherited)",
					"@executable_path/Frameworks",
				);
				MARKETING_VERSION = 1.0;
				OTHER_LDFLAGS = (
					"-framework",
					SafariServices,
					"-framework",
					WebKit,
				);
				PRODUCT_BUNDLE_IDENTIFIER = com.linklyhq.safari;
				PRODUCT_NAME = Linkly;
				SDKROOT = iphoneos;
				STRING_CATALOG_GENERATE_SYMBOLS = YES;
				SWIFT_APPROACHABLE_CONCURRENCY = YES;
				SWIFT_DEFAULT_ACTOR_ISOLATION = MainActor;
				SWIFT_EMIT_LOC_STRINGS = YES;
				SWIFT_UPCOMING_FEATURE_MEMBER_IMPORT_VISIBILITY = YES;
				SWIFT_VERSION = 5.0;
				TARGETED_DEVICE_FAMILY = "1,2";
			};
			name = Debug;
		};
		998572862ED3045200EC94B3 /* Release */ = {
			isa = XCBuildConfiguration;
			buildSettings = {
				ASSETCATALOG_COMPILER_APPICON_NAME = AppIcon;
				ASSETCATALOG_COMPILER_GLOBAL_ACCENT_COLOR_NAME = AccentColor;
				CODE_SIGN_STYLE = Automatic;
				CURRENT_PROJECT_VERSION = 1;
				GENERATE_INFOPLIST_FILE = YES;
				INFOPLIST_FILE = "iOS (App)/Info.plist";
				INFOPLIST_KEY_CFBundleDisplayName = Linkly;
				INFOPLIST_KEY_UIApplicationSupportsIndirectInputEvents = YES;
				INFOPLIST_KEY_UILaunchStoryboardName = LaunchScreen;
				INFOPLIST_KEY_UIMainStoryboardFile = Main;
				INFOPLIST_KEY_UISupportedInterfaceOrientations = "UIInterfaceOrientationPortrait UIInterfaceOrientationLandscapeLeft UIInterfaceOrientationLandscapeRight";
				INFOPLIST_KEY_UISupportedInterfaceOrientations_iPad = "UIInterfaceOrientationPortrait UIInterfaceOrientationPortraitUpsideDown UIInterfaceOrientationLandscapeLeft UIInterfaceOrientationLandscapeRight";
				IPHONEOS_DEPLOYMENT_TARGET = 15.0;
				LD_RUNPATH_SEARCH_PATHS = (
					"$(inherited)",
					"@executable_path/Frameworks",
				);
				MARKETING_VERSION = 1.0;
				OTHER_LDFLAGS = (
					"-framework",
					SafariServices,
					"-framework",
					WebKit,
				);
				PRODUCT_BUNDLE_IDENTIFIER = com.linklyhq.safari;
				PRODUCT_NAME = Linkly;
				SDKROOT = iphoneos;
				STRING_CATALOG_GENERATE_SYMBOLS = YES;
				SWIFT_APPROACHABLE_CONCURRENCY = YES;
				SWIFT_DEFAULT_ACTOR_ISOLATION = MainActor;
				SWIFT_EMIT_LOC_STRINGS = YES;
				SWIFT_UPCOMING_FEATURE_MEMBER_IMPORT_VISIBILITY = YES;
				SWIFT_VERSION = 5.0;
				TARGETED_DEVICE_FAMILY = "1,2";
				VALIDATE_PRODUCT = YES;
			};
			name = Release;
		};
		998572882ED3045200EC94B3 /* Debug */ = {
			isa = XCBuildConfiguration;
			buildSettings = {
				CODE_SIGN_STYLE = Automatic;
				CURRENT_PROJECT_VERSION = 1;
				ENABLE_APP_SANDBOX = YES;
				ENABLE_HARDENED_RUNTIME = YES;
				ENABLE_USER_SELECTED_FILES = readonly;
				GENERATE_INFOPLIST_FILE = YES;
				INFOPLIST_FILE = "macOS (Extension)/Info.plist";
				INFOPLIST_KEY_CFBundleDisplayName = "Linkly Extension";
				INFOPLIST_KEY_NSHumanReadableCopyright = "";
				LD_RUNPATH_SEARCH_PATHS = (
					"$(inherited)",
					"@executable_path/../Frameworks",
					"@executable_path/../../../../Frameworks",
				);
				MACOSX_DEPLOYMENT_TARGET = 10.14;
				MARKETING_VERSION = 1.0;
				OTHER_LDFLAGS = (
					"-framework",
					SafariServices,
				);
				PRODUCT_BUNDLE_IDENTIFIER = com.linklyhq.safari.extension;
				PRODUCT_NAME = "Linkly Extension";
				SDKROOT = macosx;
				SKIP_INSTALL = YES;
				STRING_CATALOG_GENERATE_SYMBOLS = YES;
				SWIFT_APPROACHABLE_CONCURRENCY = YES;
				SWIFT_EMIT_LOC_STRINGS = YES;
				SWIFT_UPCOMING_FEATURE_MEMBER_IMPORT_VISIBILITY = YES;
				SWIFT_VERSION = 5.0;
			};
			name = Debug;
		};
		998572892ED3045200EC94B3 /* Release */ = {
			isa = XCBuildConfiguration;
			buildSettings = {
				CODE_SIGN_STYLE = Automatic;
				CURRENT_PROJECT_VERSION = 1;
				ENABLE_APP_SANDBOX = YES;
				ENABLE_HARDENED_RUNTIME = YES;
				ENABLE_USER_SELECTED_FILES = readonly;
				GENERATE_INFOPLIST_FILE = YES;
				INFOPLIST_FILE = "macOS (Extension)/Info.plist";
				INFOPLIST_KEY_CFBundleDisplayName = "Linkly Extension";
				INFOPLIST_KEY_NSHumanReadableCopyright = "";
				LD_RUNPATH_SEARCH_PATHS = (
					"$(inherited)",
					"@executable_path/../Frameworks",
					"@executable_path/../../../../Frameworks",
				);
				MACOSX_DEPLOYMENT_TARGET = 10.14;
				MARKETING_VERSION = 1.0;
				OTHER_LDFLAGS = (
					"-framework",
					SafariServices,
				);
				PRODUCT_BUNDLE_IDENTIFIER = com.linklyhq.safari.extension;
				PRODUCT_NAME = "Linkly Extension";
				SDKROOT = macosx;
				SKIP_INSTALL = YES;
				STRING_CATALOG_GENERATE_SYMBOLS = YES;
				SWIFT_APPROACHABLE_CONCURRENCY = YES;
				SWIFT_EMIT_LOC_STRINGS = YES;
				SWIFT_UPCOMING_FEATURE_MEMBER_IMPORT_VISIBILITY = YES;
				SWIFT_VERSION = 5.0;
			};
			name = Release;
		};
		9985728C2ED3045200EC94B3 /* Debug */ = {
			isa = XCBuildConfiguration;
			buildSettings = {
				ASSETCATALOG_COMPILER_APPICON_NAME = AppIcon;
				ASSETCATALOG_COMPILER_GLOBAL_ACCENT_COLOR_NAME = AccentColor;
				CODE_SIGN_STYLE = Automatic;
				CURRENT_PROJECT_VERSION = 1;
				ENABLE_APP_SANDBOX = YES;
				ENABLE_HARDENED_RUNTIME = YES;
				ENABLE_OUTGOING_NETWORK_CONNECTIONS = YES;
				ENABLE_USER_SELECTED_FILES = readonly;
				GENERATE_INFOPLIST_FILE = YES;
				INFOPLIST_FILE = "macOS (App)/Info.plist";
				INFOPLIST_KEY_CFBundleDisplayName = Linkly;
				INFOPLIST_KEY_NSMainStoryboardFile = Main;
				INFOPLIST_KEY_NSPrincipalClass = NSApplication;
				LD_RUNPATH_SEARCH_PATHS = (
					"$(inherited)",
					"@executable_path/../Frameworks",
				);
				MACOSX_DEPLOYMENT_TARGET = 10.14;
				MARKETING_VERSION = 1.0;
				OTHER_LDFLAGS = (
					"-framework",
					SafariServices,
					"-framework",
					WebKit,
				);
				PRODUCT_BUNDLE_IDENTIFIER = com.linklyhq.safari;
				PRODUCT_NAME = Linkly;
				REGISTER_APP_GROUPS = YES;
				SDKROOT = macosx;
				STRING_CATALOG_GENERATE_SYMBOLS = YES;
				SWIFT_APPROACHABLE_CONCURRENCY = YES;
				SWIFT_DEFAULT_ACTOR_ISOLATION = MainActor;
				SWIFT_EMIT_LOC_STRINGS = YES;
				SWIFT_UPCOMING_FEATURE_MEMBER_IMPORT_VISIBILITY = YES;
				SWIFT_VERSION = 5.0;
			};
			name = Debug;
		};
		9985728D2ED3045200EC94B3 /* Release */ = {
			isa = XCBuildConfiguration;
			buildSettings = {
				ASSETCATALOG_COMPILER_APPICON_NAME = AppIcon;
				ASSETCATALOG_COMPILER_GLOBAL_ACCENT_COLOR_NAME = AccentColor;
				CODE_SIGN_STYLE = Automatic;
				CURRENT_PROJECT_VERSION = 1;
				ENABLE_APP_SANDBOX = YES;
				ENABLE_HARDENED_RUNTIME = YES;
				ENABLE_OUTGOING_NETWORK_CONNECTIONS = YES;
				ENABLE_USER_SELECTED_FILES = readonly;
				GENERATE_INFOPLIST_FILE = YES;
				INFOPLIST_FILE = "macOS (App)/Info.plist";
				INFOPLIST_KEY_CFBundleDisplayName = Linkly;
				INFOPLIST_KEY_NSMainStoryboardFile = Main;
				INFOPLIST_KEY_NSPrincipalClass = NSApplication;
				LD_RUNPATH_SEARCH_PATHS = (
					"$(inherited)",
					"@executable_path/../Frameworks",
				);
				MACOSX_DEPLOYMENT_TARGET = 10.14;
				MARKETING_VERSION = 1.0;
				OTHER_LDFLAGS = (
					"-framework",
					SafariServices,
					"-framework",
					WebKit,
				);
				PRODUCT_BUNDLE_IDENTIFIER = com.linklyhq.safari;
				PRODUCT_NAME = Linkly;
				REGISTER_APP_GROUPS = YES;
				SDKROOT = macosx;
				STRING_CATALOG_GENERATE_SYMBOLS = YES;
				SWIFT_APPROACHABLE_CONCURRENCY = YES;
				SWIFT_DEFAULT_ACTOR_ISOLATION = MainActor;
				SWIFT_EMIT_LOC_STRINGS = YES;
				SWIFT_UPCOMING_FEATURE_MEMBER_IMPORT_VISIBILITY = YES;
				SWIFT_VERSION = 5.0;
			};
			name = Release;
		};
/* End XCBuildConfiguration section */

/* Begin XCConfigurationList section */
		998572322ED3045100EC94B3 /* Build configuration list for PBXProject "Linkly" */ = {
			isa = XCConfigurationList;
			buildConfigurations = (
				9985727E2ED3045200EC94B3 /* Debug */,
				9985727F2ED3045200EC94B3 /* Release */,
			);
			defaultConfigurationIsVisible = 0;
			defaultConfigurationName = Release;
		};
		998572802ED3045200EC94B3 /* Build configuration list for PBXNativeTarget "Linkly Extension (iOS)" */ = {
			isa = XCConfigurationList;
			buildConfigurations = (
				998572812ED3045200EC94B3 /* Debug */,
				998572822ED3045200EC94B3 /* Release */,
			);
			defaultConfigurationIsVisible = 0;
			defaultConfigurationName = Release;
		};
		998572842ED3045200EC94B3 /* Build configuration list for PBXNativeTarget "Linkly (iOS)" */ = {
			isa = XCConfigurationList;
			buildConfigurations = (
				998572852ED3045200EC94B3 /* Debug */,
				998572862ED3045200EC94B3 /* Release */,
			);
			defaultConfigurationIsVisible = 0;
			defaultConfigurationName = Release;
		};
		998572872ED3045200EC94B3 /* Build configuration list for PBXNativeTarget "Linkly Extension (macOS)" */ = {
			isa = XCConfigurationList;
			buildConfigurations = (
				998572882ED3045200EC94B3 /* Debug */,
				998572892ED3045200EC94B3 /* Release */,
			);
			defaultConfigurationIsVisible = 0;
			defaultConfigurationName = Release;
		};
		9985728B2ED3045200EC94B3 /* Build configuration list for PBXNativeTarget "Linkly (macOS)" */ = {
			isa = XCConfigurationList;
			buildConfigurations = (
				9985728C2ED3045200EC94B3 /* Debug */,
				9985728D2ED3045200EC94B3 /* Release */,
			);
			defaultConfigurationIsVisible = 0;
			defaultConfigurationName = Release;
		};
/* End XCConfigurationList section */
	};
	rootObject = 9985722F2ED3045100EC94B3 /* Project object */;
}
